
Microsoft Visual Studio Solution File, Format Version 12.00
# Visual Studio Version 17
VisualStudioVersion = 17.8.34112.27
MinimumVisualStudioVersion = 10.0.40219.1
Project("{FAE04EC0-301F-11D3-BF4B-00C04F79EFBC}") = "blazor_dashboard", "blazor_dashboard\blazor_dashboard.csproj", "{4DE3E883-706F-4E6B-A43B-76DB6F8D4AC1}"
EndProject
Project("{FAE04EC0-301F-11D3-BF4B-00C04F79EFBC}") = "blazor_dashboard.Client", "blazor_dashboard.Client\blazor_dashboard.Client.csproj", "{4C778136-3EAF-4CDF-B828-3D91BFF54693}"
EndProject
Global
	GlobalSection(SolutionConfigurationPlatforms) = preSolution
		Debug|Any CPU = Debug|Any CPU
		Release|Any CPU = Release|Any CPU
	EndGlobalSection
	GlobalSection(ProjectConfigurationPlatforms) = postSolution
		{4DE3E883-706F-4E6B-A43B-76DB6F8D4AC1}.Debug|Any CPU.ActiveCfg = Debug|Any CPU
		{4DE3E883-706F-4E6B-A43B-76DB6F8D4AC1}.Debug|Any CPU.Build.0 = Debug|Any CPU
		{4DE3E883-706F-4E6B-A43B-76DB6F8D4AC1}.Release|Any CPU.ActiveCfg = Release|Any CPU
		{4DE3E883-706F-4E6B-A43B-76DB6F8D4AC1}.Release|Any CPU.Build.0 = Release|Any CPU
		{4C778136-3EAF-4CDF-B828-3D91BFF54693}.Debug|Any CPU.ActiveCfg = Debug|Any CPU
		{4C778136-3EAF-4CDF-B828-3D91BFF54693}.Debug|Any CPU.Build.0 = Debug|Any CPU
		{4C778136-3EAF-4CDF-B828-3D91BFF54693}.Release|Any CPU.ActiveCfg = Release|Any CPU
		{4C778136-3EAF-4CDF-B828-3D91BFF54693}.Release|Any CPU.Build.0 = Release|Any CPU
	EndGlobalSection
	GlobalSection(SolutionProperties) = preSolution
		HideSolutionNode = FALSE
	EndGlobalSection
	GlobalSection(ExtensibilityGlobals) = postSolution
		SolutionGuid = {2705BF56-7935-4E41-B824-7B71CFAD9731}
	EndGlobalSection
EndGlobal
